schema: '2.0'
stages:
  data_ingestion:
    cmd: python src/data_ingestion.py
    deps:
    - path: src/data_ingestion.py
      hash: md5
      md5: 12aa5ad8e964a9aac7d6afbf4bb686e8
      size: 3631
    params:
      params.yaml:
        data_ingestion.test_size: 0.15
    outs:
    - path: data/raw
      hash: md5
      md5: 97961f893362ed56dad75426638e8648.dir
      size: 479272
      nfiles: 2
  data_preprocessing:
    cmd: python src/data_preprocessing.py
    deps:
    - path: data/raw
      hash: md5
      md5: 97961f893362ed56dad75426638e8648.dir
      size: 479272
      nfiles: 2
    - path: src/data_preprocessing.py
      hash: md5
      md5: 356cd6eea1e72afe6752e6d01092733b
      size: 7092
    outs:
    - path: data/interim
      hash: md5
      md5: 5a09c6cf2fe8256555852d2f39ac22e9.dir
      size: 253920
      nfiles: 2
  feature_engineering:
    cmd: python src/feature_engineering.py
    deps:
    - path: data/interim
      hash: md5
      md5: 5a09c6cf2fe8256555852d2f39ac22e9.dir
      size: 253920
      nfiles: 2
    - path: src/feature_engineering.py
      hash: md5
      md5: a9bafdb8405234bd070a58cf6b0829d3
      size: 3770
    params:
      params.yaml:
        feature_engineering.max_features: 45
    outs:
    - path: data/processed
      hash: md5
      md5: bd2a531471da8cacb597966cbc416719.dir
      size: 1171919
      nfiles: 2
  model_building:
    cmd: python src/model_building.py
    deps:
    - path: data/processed
      hash: md5
      md5: bd2a531471da8cacb597966cbc416719.dir
      size: 1171919
      nfiles: 2
    - path: src/model_building.py
      hash: md5
      md5: 4ff993f22014a1ab6b0c0f8a90521404
      size: 4346
    params:
      params.yaml:
        model_building.n_estimators: 20
        model_building.random_state: 2
    outs:
    - path: models/model.pkl
      hash: md5
      md5: 115adfbbc6472a90badd3de06486b2f7
      size: 844441
  model_evaluation:
    cmd: python src/model_evaluation.py
    deps:
    - path: models/model.pkl
      hash: md5
      md5: 115adfbbc6472a90badd3de06486b2f7
      size: 844441
    - path: src/model_evaluation.py
      hash: md5
      md5: bf60eaf2749cbc691b82e3142a9ce927
      size: 4514
    outs:
    - path: reports/metrics.json
      hash: md5
      md5: db6497ace16cd50fe7790414a4290b84
      size: 140
