schema: '2.0'
stages:
  data_ingestion:
    cmd: python src/data_ingestion.py
    deps:
    - path: src/data_ingestion.py
      hash: md5
      md5: 12aa5ad8e964a9aac7d6afbf4bb686e8
      size: 3631
    params:
      params.yaml:
        data_ingestion.test_size: 0.3
    outs:
    - path: data/raw
      hash: md5
      md5: 6c14fc5d4581715d0c084959eeff4b01.dir
      size: 479272
      nfiles: 2
  data_preprocessing:
    cmd: python src/data_preprocessing.py
    deps:
    - path: data/raw
      hash: md5
      md5: 6c14fc5d4581715d0c084959eeff4b01.dir
      size: 479272
      nfiles: 2
    - path: src/data_preprocessing.py
      hash: md5
      md5: 356cd6eea1e72afe6752e6d01092733b
      size: 7092
    outs:
    - path: data/interim
      hash: md5
      md5: 91d80631b72bc88148c9f0c49789af70.dir
      size: 257220
      nfiles: 2
  feature_engineering:
    cmd: python src/feature_engineering.py
    deps:
    - path: data/interim
      hash: md5
      md5: 91d80631b72bc88148c9f0c49789af70.dir
      size: 257220
      nfiles: 2
    - path: src/feature_engineering.py
      hash: md5
      md5: a9bafdb8405234bd070a58cf6b0829d3
      size: 3770
    params:
      params.yaml:
        feature_engineering.max_features: 50
    outs:
    - path: data/processed
      hash: md5
      md5: 0263de6016828d34b7e7b30a7e6f092b.dir
      size: 1182796
      nfiles: 2
  model_building:
    cmd: python src/model_building.py
    deps:
    - path: data/processed
      hash: md5
      md5: 0263de6016828d34b7e7b30a7e6f092b.dir
      size: 1182796
      nfiles: 2
    - path: src/model_building.py
      hash: md5
      md5: 4ff993f22014a1ab6b0c0f8a90521404
      size: 4346
    params:
      params.yaml:
        model_building.n_estimators: 25
        model_building.random_state: 2
    outs:
    - path: models/model.pkl
      hash: md5
      md5: 95ce43ead2ce281a570c514493b47e49
      size: 899499
  model_evaluation:
    cmd: python src/model_evaluation.py
    deps:
    - path: models/model.pkl
      hash: md5
      md5: 95ce43ead2ce281a570c514493b47e49
      size: 899499
    - path: src/model_evaluation.py
      hash: md5
      md5: efb1de9838f57b0e50862992a47805df
      size: 4502
    outs:
    - path: reports/metrics.json
      hash: md5
      md5: eb4899cfb153cb8012ca53d0f8635946
      size: 138
